
Microsoft Visual Studio Solution File, Format Version 12.00
# Visual Studio 14
VisualStudioVersion = 14.0.25420.1
MinimumVisualStudioVersion = 10.0.40219.1
Project("{FAE04EC0-301F-11D3-BF4B-00C04F79EFBC}") = "VoidCraft MapCreator v5", "VoidCraft MapCreator v5\VoidCraft MapCreator v5.csproj", "{787E18F1-C22D-4C9E-8FAA-F90AD3E77B4D}"
EndProject
Global
	GlobalSection(SolutionConfigurationPlatforms) = preSolution
		Debug|Any CPU = Debug|Any CPU
		Release|Any CPU = Release|Any CPU
	EndGlobalSection
	GlobalSection(ProjectConfigurationPlatforms) = postSolution
		{787E18F1-C22D-4C9E-8FAA-F90AD3E77B4D}.Debug|Any CPU.ActiveCfg = Debug|Any CPU
		{787E18F1-C22D-4C9E-8FAA-F90AD3E77B4D}.Debug|Any CPU.Build.0 = Debug|Any CPU
		{787E18F1-C22D-4C9E-8FAA-F90AD3E77B4D}.Release|Any CPU.ActiveCfg = Release|Any CPU
		{787E18F1-C22D-4C9E-8FAA-F90AD3E77B4D}.Release|Any CPU.Build.0 = Release|Any CPU
	EndGlobalSection
	GlobalSection(SolutionProperties) = preSolution
		HideSolutionNode = FALSE
	EndGlobalSection
EndGlobal
